
Microsoft Visual Studio Solution File, Format Version 11.00
# Visual Studio 2010
Project("{FAE04EC0-301F-11D3-BF4B-00C04F79EFBC}") = "SkypeHistoryExporter", "SkypeHistoryExporter.csproj", "{7CCB172F-71F8-4ED3-969D-2DA787F4CE13}"
EndProject
Project("{54435603-DBB4-11D2-8724-00A0C9A8B90C}") = "SkypeHistoryExporterInstaller", "SkypeHistoryExporterInstaller\SkypeHistoryExporterInstaller.vdproj", "{76EB9573-735B-4AF2-AB96-ABF7210CC5F9}"
EndProject
Global
	GlobalSection(SolutionConfigurationPlatforms) = preSolution
		Debug|x86 = Debug|x86
		Release|x86 = Release|x86
	EndGlobalSection
	GlobalSection(ProjectConfigurationPlatforms) = postSolution
		{7CCB172F-71F8-4ED3-969D-2DA787F4CE13}.Debug|x86.ActiveCfg = Debug|x86
		{7CCB172F-71F8-4ED3-969D-2DA787F4CE13}.Debug|x86.Build.0 = Debug|x86
		{7CCB172F-71F8-4ED3-969D-2DA787F4CE13}.Release|x86.ActiveCfg = Release|x86
		{7CCB172F-71F8-4ED3-969D-2DA787F4CE13}.Release|x86.Build.0 = Release|x86
		{76EB9573-735B-4AF2-AB96-ABF7210CC5F9}.Debug|x86.ActiveCfg = Debug
		{76EB9573-735B-4AF2-AB96-ABF7210CC5F9}.Release|x86.ActiveCfg = Release
	EndGlobalSection
	GlobalSection(SolutionProperties) = preSolution
		HideSolutionNode = FALSE
	EndGlobalSection
EndGlobal
